
Microsoft Visual Studio Solution File, Format Version 12.00
# Visual Studio Version 16
VisualStudioVersion = 16.0.31105.61
MinimumVisualStudioVersion = 10.0.40219.1
Project("{FAE04EC0-301F-11D3-BF4B-00C04F79EFBC}") = "ProjectPompe", "ProjectPompe.csproj", "{6C954E1F-F2DF-4162-9A6A-83E3AD423B1A}"
EndProject
Global
	GlobalSection(SolutionConfigurationPlatforms) = preSolution
		Debug|Any CPU = Debug|Any CPU
		Release|Any CPU = Release|Any CPU
	EndGlobalSection
	GlobalSection(ProjectConfigurationPlatforms) = postSolution
		{6C954E1F-F2DF-4162-9A6A-83E3AD423B1A}.Debug|Any CPU.ActiveCfg = Debug|Any CPU
		{6C954E1F-F2DF-4162-9A6A-83E3AD423B1A}.Debug|Any CPU.Build.0 = Debug|Any CPU
		{6C954E1F-F2DF-4162-9A6A-83E3AD423B1A}.Release|Any CPU.ActiveCfg = Release|Any CPU
		{6C954E1F-F2DF-4162-9A6A-83E3AD423B1A}.Release|Any CPU.Build.0 = Release|Any CPU
	EndGlobalSection
	GlobalSection(SolutionProperties) = preSolution
		HideSolutionNode = FALSE
	EndGlobalSection
	GlobalSection(ExtensibilityGlobals) = postSolution
		SolutionGuid = {AEEA318F-4D6A-42C7-BE53-BD551ADDD9A6}
	EndGlobalSection
EndGlobal
